// !$*UTF8*$!
{
	archiveVersion = 1;
	classes = {
	};
	objectVersion = 56;
	objects = {

/* Begin PBXBuildFile section */
		7E181EAF2AE8C0640025F9E6 /* HomeViewModel.swift in Sources */ = {isa = PBXBuildFile; fileRef = 7E181EAE2AE8C0640025F9E6 /* HomeViewModel.swift */; };
		7E181EB42AE8C0FF0025F9E6 /* Player+CoreDataClass.swift in Sources */ = {isa = PBXBuildFile; fileRef = 7E181EB02AE8C0FF0025F9E6 /* Player+CoreDataClass.swift */; };
		7E181EB52AE8C0FF0025F9E6 /* Player+CoreDataProperties.swift in Sources */ = {isa = PBXBuildFile; fileRef = 7E181EB12AE8C0FF0025F9E6 /* Player+CoreDataProperties.swift */; };
		7E181EB62AE8C0FF0025F9E6 /* Game+CoreDataClass.swift in Sources */ = {isa = PBXBuildFile; fileRef = 7E181EB22AE8C0FF0025F9E6 /* Game+CoreDataClass.swift */; };
		7E181EB72AE8C0FF0025F9E6 /* Game+CoreDataProperties.swift in Sources */ = {isa = PBXBuildFile; fileRef = 7E181EB32AE8C0FF0025F9E6 /* Game+CoreDataProperties.swift */; };
		7E181EBB2AE8DC020025F9E6 /* ProfileView.swift in Sources */ = {isa = PBXBuildFile; fileRef = 7E181EBA2AE8DC020025F9E6 /* ProfileView.swift */; };
		7E181EBD2AE8DC4F0025F9E6 /* ProfileViewModel.swift in Sources */ = {isa = PBXBuildFile; fileRef = 7E181EBC2AE8DC4F0025F9E6 /* ProfileViewModel.swift */; };
		7E22705F2AE88FE500F9A375 /* ScaryCubeApp.swift in Sources */ = {isa = PBXBuildFile; fileRef = 7E22705E2AE88FE500F9A375 /* ScaryCubeApp.swift */; };
		7E2270632AE88FE700F9A375 /* Assets.xcassets in Resources */ = {isa = PBXBuildFile; fileRef = 7E2270622AE88FE700F9A375 /* Assets.xcassets */; };
		7E2270662AE88FE700F9A375 /* Preview Assets.xcassets in Resources */ = {isa = PBXBuildFile; fileRef = 7E2270652AE88FE700F9A375 /* Preview Assets.xcassets */; };
		7EBAB2E02AEB517C0004E5C7 /* ProfileState.swift in Sources */ = {isa = PBXBuildFile; fileRef = 7EBAB2DF2AEB517C0004E5C7 /* ProfileState.swift */; };
		7EBAB2E22AEB535A0004E5C7 /* CreateAccountView.swift in Sources */ = {isa = PBXBuildFile; fileRef = 7EBAB2E12AEB535A0004E5C7 /* CreateAccountView.swift */; };
		7EBAB2E42AEB53760004E5C7 /* AccountView.swift in Sources */ = {isa = PBXBuildFile; fileRef = 7EBAB2E32AEB53760004E5C7 /* AccountView.swift */; };
		7EBD2F242AE8A75E00C3193D /* PlayerModel.xcdatamodeld in Sources */ = {isa = PBXBuildFile; fileRef = 7EBD2F222AE8A75E00C3193D /* PlayerModel.xcdatamodeld */; };
		7EBD2F262AE8A91300C3193D /* HomeView.swift in Sources */ = {isa = PBXBuildFile; fileRef = 7EBD2F252AE8A91300C3193D /* HomeView.swift */; };
		7EBD2F282AE8A94300C3193D /* GameView.swift in Sources */ = {isa = PBXBuildFile; fileRef = 7EBD2F272AE8A94300C3193D /* GameView.swift */; };
		7EBD2F2F2AE8A9E600C3193D /* GameManager.swift in Sources */ = {isa = PBXBuildFile; fileRef = 7EBD2F2E2AE8A9E600C3193D /* GameManager.swift */; };
		7EBD2F312AE8AB8400C3193D /* GameViewModel.swift in Sources */ = {isa = PBXBuildFile; fileRef = 7EBD2F302AE8AB8400C3193D /* GameViewModel.swift */; };
		7EE13CE82AEA0C14000ACA06 /* Cube.swift in Sources */ = {isa = PBXBuildFile; fileRef = 7EE13CE72AEA0C14000ACA06 /* Cube.swift */; };
/* End PBXBuildFile section */

/* Begin PBXFileReference section */
		7E181EAE2AE8C0640025F9E6 /* HomeViewModel.swift */ = {isa = PBXFileReference; lastKnownFileType = sourcecode.swift; path = HomeViewModel.swift; sourceTree = "<group>"; };
		7E181EB02AE8C0FF0025F9E6 /* Player+CoreDataClass.swift */ = {isa = PBXFileReference; lastKnownFileType = sourcecode.swift; path = "Player+CoreDataClass.swift"; sourceTree = SOURCE_ROOT; };
		7E181EB12AE8C0FF0025F9E6 /* Player+CoreDataProperties.swift */ = {isa = PBXFileReference; lastKnownFileType = sourcecode.swift; path = "Player+CoreDataProperties.swift"; sourceTree = SOURCE_ROOT; };
		7E181EB22AE8C0FF0025F9E6 /* Game+CoreDataClass.swift */ = {isa = PBXFileReference; lastKnownFileType = sourcecode.swift; path = "Game+CoreDataClass.swift"; sourceTree = SOURCE_ROOT; };
		7E181EB32AE8C0FF0025F9E6 /* Game+CoreDataProperties.swift */ = {isa = PBXFileReference; lastKnownFileType = sourcecode.swift; path = "Game+CoreDataProperties.swift"; sourceTree = SOURCE_ROOT; };
		7E181EBA2AE8DC020025F9E6 /* ProfileView.swift */ = {isa = PBXFileReference; lastKnownFileType = sourcecode.swift; path = ProfileView.swift; sourceTree = "<group>"; };
		7E181EBC2AE8DC4F0025F9E6 /* ProfileViewModel.swift */ = {isa = PBXFileReference; lastKnownFileType = sourcecode.swift; path = ProfileViewModel.swift; sourceTree = "<group>"; };
		7E22705B2AE88FE500F9A375 /* ScaryCube.app */ = {isa = PBXFileReference; explicitFileType = wrapper.application; includeInIndex = 0; path = ScaryCube.app; sourceTree = BUILT_PRODUCTS_DIR; };
		7E22705E2AE88FE500F9A375 /* ScaryCubeApp.swift */ = {isa = PBXFileReference; lastKnownFileType = sourcecode.swift; path = ScaryCubeApp.swift; sourceTree = "<group>"; };
		7E2270622AE88FE700F9A375 /* Assets.xcassets */ = {isa = PBXFileReference; lastKnownFileType = folder.assetcatalog; path = Assets.xcassets; sourceTree = "<group>"; };
		7E2270652AE88FE700F9A375 /* Preview Assets.xcassets */ = {isa = PBXFileReference; lastKnownFileType = folder.assetcatalog; path = "Preview Assets.xcassets"; sourceTree = "<group>"; };
		7EBAB2DF2AEB517C0004E5C7 /* ProfileState.swift */ = {isa = PBXFileReference; lastKnownFileType = sourcecode.swift; path = ProfileState.swift; sourceTree = "<group>"; };
		7EBAB2E12AEB535A0004E5C7 /* CreateAccountView.swift */ = {isa = PBXFileReference; lastKnownFileType = sourcecode.swift; path = CreateAccountView.swift; sourceTree = "<group>"; };
		7EBAB2E32AEB53760004E5C7 /* AccountView.swift */ = {isa = PBXFileReference; lastKnownFileType = sourcecode.swift; path = AccountView.swift; sourceTree = "<group>"; };
		7EBD2F232AE8A75E00C3193D /* PlayerModel.xcdatamodel */ = {isa = PBXFileReference; lastKnownFileType = wrapper.xcdatamodel; path = PlayerModel.xcdatamodel; sourceTree = "<group>"; };
		7EBD2F252AE8A91300C3193D /* HomeView.swift */ = {isa = PBXFileReference; lastKnownFileType = sourcecode.swift; path = HomeView.swift; sourceTree = "<group>"; };
		7EBD2F272AE8A94300C3193D /* GameView.swift */ = {isa = PBXFileReference; lastKnownFileType = sourcecode.swift; path = GameView.swift; sourceTree = "<group>"; };
		7EBD2F2E2AE8A9E600C3193D /* GameManager.swift */ = {isa = PBXFileReference; lastKnownFileType = sourcecode.swift; path = GameManager.swift; sourceTree = "<group>"; };
		7EBD2F302AE8AB8400C3193D /* GameViewModel.swift */ = {isa = PBXFileReference; lastKnownFileType = sourcecode.swift; path = GameViewModel.swift; sourceTree = "<group>"; };
		7EE13CE72AEA0C14000ACA06 /* Cube.swift */ = {isa = PBXFileReference; lastKnownFileType = sourcecode.swift; path = Cube.swift; sourceTree = "<group>"; };
/* End PBXFileReference section */

/* Begin PBXFrameworksBuildPhase section */
		7E2270582AE88FE500F9A375 /* Frameworks */ = {
			isa = PBXFrameworksBuildPhase;
			buildActionMask = 2147483647;
			files = (
			);
			runOnlyForDeploymentPostprocessing = 0;
		};
/* End PBXFrameworksBuildPhase section */

/* Begin PBXGroup section */
		7E2270522AE88FE500F9A375 = {
			isa = PBXGroup;
			children = (
				7E22705D2AE88FE500F9A375 /* ScaryCube */,
				7EBD2F1D2AE8A6CE00C3193D /* Model */,
				7EBD2F1E2AE8A6DB00C3193D /* View */,
				7EBD2F202AE8A6F800C3193D /* ViewModel */,
				7EBD2F212AE8A71600C3193D /* Manager */,
				7EBD2F292AE8A94B00C3193D /* Others */,
				7E22705C2AE88FE500F9A375 /* Products */,
			);
			sourceTree = "<group>";
		};
		7E22705C2AE88FE500F9A375 /* Products */ = {
			isa = PBXGroup;
			children = (
				7E22705B2AE88FE500F9A375 /* ScaryCube.app */,
			);
			name = Products;
			sourceTree = "<group>";
		};
		7E22705D2AE88FE500F9A375 /* ScaryCube */ = {
			isa = PBXGroup;
			children = (
				7E22705E2AE88FE500F9A375 /* ScaryCubeApp.swift */,
				7E2270622AE88FE700F9A375 /* Assets.xcassets */,
				7E2270642AE88FE700F9A375 /* Preview Content */,
			);
			path = ScaryCube;
			sourceTree = "<group>";
		};
		7E2270642AE88FE700F9A375 /* Preview Content */ = {
			isa = PBXGroup;
			children = (
				7E2270652AE88FE700F9A375 /* Preview Assets.xcassets */,
			);
			path = "Preview Content";
			sourceTree = "<group>";
		};
		7EBD2F1D2AE8A6CE00C3193D /* Model */ = {
			isa = PBXGroup;
			children = (
				7E181EB02AE8C0FF0025F9E6 /* Player+CoreDataClass.swift */,
				7E181EB12AE8C0FF0025F9E6 /* Player+CoreDataProperties.swift */,
				7E181EB22AE8C0FF0025F9E6 /* Game+CoreDataClass.swift */,
				7E181EB32AE8C0FF0025F9E6 /* Game+CoreDataProperties.swift */,
				7EBD2F222AE8A75E00C3193D /* PlayerModel.xcdatamodeld */,
			);
			path = Model;
			sourceTree = "<group>";
		};
		7EBD2F1E2AE8A6DB00C3193D /* View */ = {
			isa = PBXGroup;
			children = (
				7EBD2F252AE8A91300C3193D /* HomeView.swift */,
				7EBD2F272AE8A94300C3193D /* GameView.swift */,
				7E181EBA2AE8DC020025F9E6 /* ProfileView.swift */,
				7EBAB2E12AEB535A0004E5C7 /* CreateAccountView.swift */,
				7EBAB2E32AEB53760004E5C7 /* AccountView.swift */,
			);
			path = View;
			sourceTree = "<group>";
		};
		7EBD2F202AE8A6F800C3193D /* ViewModel */ = {
			isa = PBXGroup;
			children = (
				7E181EAE2AE8C0640025F9E6 /* HomeViewModel.swift */,
				7E181EBC2AE8DC4F0025F9E6 /* ProfileViewModel.swift */,
				7EBD2F302AE8AB8400C3193D /* GameViewModel.swift */,
			);
			path = ViewModel;
			sourceTree = "<group>";
		};
		7EBD2F212AE8A71600C3193D /* Manager */ = {
			isa = PBXGroup;
			children = (
				7EBD2F2E2AE8A9E600C3193D /* GameManager.swift */,
			);
			path = Manager;
			sourceTree = "<group>";
		};
		7EBD2F292AE8A94B00C3193D /* Others */ = {
			isa = PBXGroup;
			children = (
				7EE13CE72AEA0C14000ACA06 /* Cube.swift */,
				7EBAB2DF2AEB517C0004E5C7 /* ProfileState.swift */,
			);
			path = Others;
			sourceTree = "<group>";
		};
/* End PBXGroup section */

/* Begin PBXNativeTarget section */
		7E22705A2AE88FE500F9A375 /* ScaryCube */ = {
			isa = PBXNativeTarget;
			buildConfigurationList = 7E2270692AE88FE700F9A375 /* Build configuration list for PBXNativeTarget "ScaryCube" */;
			buildPhases = (
				7E2270572AE88FE500F9A375 /* Sources */,
				7E2270582AE88FE500F9A375 /* Frameworks */,
				7E2270592AE88FE500F9A375 /* Resources */,
			);
			buildRules = (
			);
			dependencies = (
			);
			name = ScaryCube;
			productName = ScaryCube;
			productReference = 7E22705B2AE88FE500F9A375 /* ScaryCube.app */;
			productType = "com.apple.product-type.application";
		};
/* End PBXNativeTarget section */

/* Begin PBXProject section */
		7E2270532AE88FE500F9A375 /* Project object */ = {
			isa = PBXProject;
			attributes = {
				BuildIndependentTargetsInParallel = 1;
				LastSwiftUpdateCheck = 1500;
				LastUpgradeCheck = 1500;
				TargetAttributes = {
					7E22705A2AE88FE500F9A375 = {
						CreatedOnToolsVersion = 15.0.1;
					};
				};
			};
			buildConfigurationList = 7E2270562AE88FE500F9A375 /* Build configuration list for PBXProject "ScaryCube" */;
			compatibilityVersion = "Xcode 14.0";
			developmentRegion = en;
			hasScannedForEncodings = 0;
			knownRegions = (
				en,
				Base,
			);
			mainGroup = 7E2270522AE88FE500F9A375;
			productRefGroup = 7E22705C2AE88FE500F9A375 /* Products */;
			projectDirPath = "";
			projectRoot = "";
			targets = (
				7E22705A2AE88FE500F9A375 /* ScaryCube */,
			);
		};
/* End PBXProject section */

/* Begin PBXResourcesBuildPhase section */
		7E2270592AE88FE500F9A375 /* Resources */ = {
			isa = PBXResourcesBuildPhase;
			buildActionMask = 2147483647;
			files = (
				7E2270662AE88FE700F9A375 /* Preview Assets.xcassets in Resources */,
				7E2270632AE88FE700F9A375 /* Assets.xcassets in Resources */,
			);
			runOnlyForDeploymentPostprocessing = 0;
		};
/* End PBXResourcesBuildPhase section */

/* Begin PBXSourcesBuildPhase section */
		7E2270572AE88FE500F9A375 /* Sources */ = {
			isa = PBXSourcesBuildPhase;
			buildActionMask = 2147483647;
			files = (
				7EBD2F262AE8A91300C3193D /* HomeView.swift in Sources */,
				7EBD2F2F2AE8A9E600C3193D /* GameManager.swift in Sources */,
				7E181EB52AE8C0FF0025F9E6 /* Player+CoreDataProperties.swift in Sources */,
				7EBAB2E42AEB53760004E5C7 /* AccountView.swift in Sources */,
				7E181EB62AE8C0FF0025F9E6 /* Game+CoreDataClass.swift in Sources */,
				7E181EBB2AE8DC020025F9E6 /* ProfileView.swift in Sources */,
				7E181EAF2AE8C0640025F9E6 /* HomeViewModel.swift in Sources */,
				7EBAB2E02AEB517C0004E5C7 /* ProfileState.swift in Sources */,
				7E181EB72AE8C0FF0025F9E6 /* Game+CoreDataProperties.swift in Sources */,
				7EBD2F242AE8A75E00C3193D /* PlayerModel.xcdatamodeld in Sources */,
				7EBD2F282AE8A94300C3193D /* GameView.swift in Sources */,
				7E22705F2AE88FE500F9A375 /* ScaryCubeApp.swift in Sources */,
				7E181EBD2AE8DC4F0025F9E6 /* ProfileViewModel.swift in Sources */,
				7EE13CE82AEA0C14000ACA06 /* Cube.swift in Sources */,
				7E181EB42AE8C0FF0025F9E6 /* Player+CoreDataClass.swift in Sources */,
				7EBAB2E22AEB535A0004E5C7 /* CreateAccountView.swift in Sources */,
				7EBD2F312AE8AB8400C3193D /* GameViewModel.swift in Sources */,
			);
			runOnlyForDeploymentPostprocessing = 0;
		};
/* End PBXSourcesBuildPhase section */

/* Begin XCBuildConfiguration section */
		7E2270672AE88FE700F9A375 /* Debug */ = {
			isa = XCBuildConfiguration;
			buildSettings = {
				ALWAYS_SEARCH_USER_PATHS = NO;
				ASSETCATALOG_COMPILER_GENERATE_SWIFT_ASSET_SYMBOL_EXTENSIONS = YES;
				CLANG_ANALYZER_NONNULL = YES;
				CLANG_ANALYZER_NUMBER_OBJECT_CONVERSION = YES_AGGRESSIVE;
				CLANG_CXX_LANGUAGE_STANDARD = "gnu++20";
				CLANG_ENABLE_MODULES = YES;
				CLANG_ENABLE_OBJC_ARC = YES;
				CLANG_ENABLE_OBJC_WEAK = YES;
				CLANG_WARN_BLOCK_CAPTURE_AUTORELEASING = YES;
				CLANG_WARN_BOOL_CONVERSION = YES;
				CLANG_WARN_COMMA = YES;
				CLANG_WARN_CONSTANT_CONVERSION = YES;
				CLANG_WARN_DEPRECATED_OBJC_IMPLEMENTATIONS = YES;
				CLANG_WARN_DIRECT_OBJC_ISA_USAGE = YES_ERROR;
				CLANG_WARN_DOCUMENTATION_COMMENTS = YES;
				CLANG_WARN_EMPTY_BODY = YES;
				CLANG_WARN_ENUM_CONVERSION = YES;
				CLANG_WARN_INFINITE_RECURSION = YES;
				CLANG_WARN_INT_CONVERSION = YES;
				CLANG_WARN_NON_LITERAL_NULL_CONVERSION = YES;
				CLANG_WARN_OBJC_IMPLICIT_RETAIN_SELF = YES;
				CLANG_WARN_OBJC_LITERAL_CONVERSION = YES;
				CLANG_WARN_OBJC_ROOT_CLASS = YES_ERROR;
				CLANG_WARN_QUOTED_INCLUDE_IN_FRAMEWORK_HEADER = YES;
				CLANG_WARN_RANGE_LOOP_ANALYSIS = YES;
				CLANG_WARN_STRICT_PROTOTYPES = YES;
				CLANG_WARN_SUSPICIOUS_MOVE = YES;
				CLANG_WARN_UNGUARDED_AVAILABILITY = YES_AGGRESSIVE;
				CLANG_WARN_UNREACHABLE_CODE = YES;
				CLANG_WARN__DUPLICATE_METHOD_MATCH = YES;
				COPY_PHASE_STRIP = NO;
				DEBUG_INFORMATION_FORMAT = dwarf;
				ENABLE_STRICT_OBJC_MSGSEND = YES;
				ENABLE_TESTABILITY = YES;
				ENABLE_USER_SCRIPT_SANDBOXING = YES;
				GCC_C_LANGUAGE_STANDARD = gnu17;
				GCC_DYNAMIC_NO_PIC = NO;
				GCC_NO_COMMON_BLOCKS = YES;
				GCC_OPTIMIZATION_LEVEL = 0;
				GCC_PREPROCESSOR_DEFINITIONS = (
					"DEBUG=1",
					"$(inherited)",
				);
				GCC_WARN_64_TO_32_BIT_CONVERSION = YES;
				GCC_WARN_ABOUT_RETURN_TYPE = YES_ERROR;
				GCC_WARN_UNDECLARED_SELECTOR = YES;
				GCC_WARN_UNINITIALIZED_AUTOS = YES_AGGRESSIVE;
				GCC_WARN_UNUSED_FUNCTION = YES;
				GCC_WARN_UNUSED_VARIABLE = YES;
				IPHONEOS_DEPLOYMENT_TARGET = 17.0;
				LOCALIZATION_PREFERS_STRING_CATALOGS = YES;
				MTL_ENABLE_DEBUG_INFO = INCLUDE_SOURCE;
				MTL_FAST_MATH = YES;
				ONLY_ACTIVE_ARCH = YES;
				SDKROOT = iphoneos;
				SWIFT_ACTIVE_COMPILATION_CONDITIONS = "DEBUG $(inherited)";
				SWIFT_OPTIMIZATION_LEVEL = "-Onone";
			};
			name = Debug;
		};
		7E2270682AE88FE700F9A375 /* Release */ = {
			isa = XCBuildConfiguration;
			buildSettings = {
				ALWAYS_SEARCH_USER_PATHS = NO;
				ASSETCATALOG_COMPILER_GENERATE_SWIFT_ASSET_SYMBOL_EXTENSIONS = YES;
				CLANG_ANALYZER_NONNULL = YES;
				CLANG_ANALYZER_NUMBER_OBJECT_CONVERSION = YES_AGGRESSIVE;
				CLANG_CXX_LANGUAGE_STANDARD = "gnu++20";
				CLANG_ENABLE_MODULES = YES;
				CLANG_ENABLE_OBJC_ARC = YES;
				CLANG_ENABLE_OBJC_WEAK = YES;
				CLANG_WARN_BLOCK_CAPTURE_AUTORELEASING = YES;
				CLANG_WARN_BOOL_CONVERSION = YES;
				CLANG_WARN_COMMA = YES;
				CLANG_WARN_CONSTANT_CONVERSION = YES;
				CLANG_WARN_DEPRECATED_OBJC_IMPLEMENTATIONS = YES;
				CLANG_WARN_DIRECT_OBJC_ISA_USAGE = YES_ERROR;
				CLANG_WARN_DOCUMENTATION_COMMENTS = YES;
				CLANG_WARN_EMPTY_BODY = YES;
				CLANG_WARN_ENUM_CONVERSION = YES;
				CLANG_WARN_INFINITE_RECURSION = YES;
				CLANG_WARN_INT_CONVERSION = YES;
				CLANG_WARN_NON_LITERAL_NULL_CONVERSION = YES;
				CLANG_WARN_OBJC_IMPLICIT_RETAIN_SELF = YES;
				CLANG_WARN_OBJC_LITERAL_CONVERSION = YES;
				CLANG_WARN_OBJC_ROOT_CLASS = YES_ERROR;
				CLANG_WARN_QUOTED_INCLUDE_IN_FRAMEWORK_HEADER = YES;
				CLANG_WARN_RANGE_LOOP_ANALYSIS = YES;
				CLANG_WARN_STRICT_PROTOTYPES = YES;
				CLANG_WARN_SUSPICIOUS_MOVE = YES;
				CLANG_WARN_UNGUARDED_AVAILABILITY = YES_AGGRESSIVE;
				CLANG_WARN_UNREACHABLE_CODE = YES;
				CLANG_WARN__DUPLICATE_METHOD_MATCH = YES;
				COPY_PHASE_STRIP = NO;
				DEBUG_INFORMATION_FORMAT = "dwarf-with-dsym";
				ENABLE_NS_ASSERTIONS = NO;
				ENABLE_STRICT_OBJC_MSGSEND = YES;
				ENABLE_USER_SCRIPT_SANDBOXING = YES;
				GCC_C_LANGUAGE_STANDARD = gnu17;
				GCC_NO_COMMON_BLOCKS = YES;
				GCC_WARN_64_TO_32_BIT_CONVERSION = YES;
				GCC_WARN_ABOUT_RETURN_TYPE = YES_ERROR;
				GCC_WARN_UNDECLARED_SELECTOR = YES;
				GCC_WARN_UNINITIALIZED_AUTOS = YES_AGGRESSIVE;
				GCC_WARN_UNUSED_FUNCTION = YES;
				GCC_WARN_UNUSED_VARIABLE = YES;
				IPHONEOS_DEPLOYMENT_TARGET = 17.0;
				LOCALIZATION_PREFERS_STRING_CATALOGS = YES;
				MTL_ENABLE_DEBUG_INFO = NO;
				MTL_FAST_MATH = YES;
				SDKROOT = iphoneos;
				SWIFT_COMPILATION_MODE = wholemodule;
				VALIDATE_PRODUCT = YES;
			};
			name = Release;
		};
		7E22706A2AE88FE700F9A375 /* Debug */ = {
			isa = XCBuildConfiguration;
			buildSettings = {
				ASSETCATALOG_COMPILER_APPICON_NAME = AppIcon;
				ASSETCATALOG_COMPILER_GLOBAL_ACCENT_COLOR_NAME = AccentColor;
				CODE_SIGN_STYLE = Automatic;
				CURRENT_PROJECT_VERSION = 1;
				DEVELOPMENT_ASSET_PATHS = "\"ScaryCube/Preview Content\"";
				DEVELOPMENT_TEAM = 9798UJJCY4;
				ENABLE_PREVIEWS = YES;
				GENERATE_INFOPLIST_FILE = YES;
				INFOPLIST_KEY_UIApplicationSceneManifest_Generation = YES;
				INFOPLIST_KEY_UIApplicationSupportsIndirectInputEvents = YES;
				INFOPLIST_KEY_UILaunchScreen_Generation = YES;
				INFOPLIST_KEY_UISupportedInterfaceOrientations_iPad = "UIInterfaceOrientationPortrait UIInterfaceOrientationPortraitUpsideDown UIInterfaceOrientationLandscapeLeft UIInterfaceOrientationLandscapeRight";
				INFOPLIST_KEY_UISupportedInterfaceOrientations_iPhone = "UIInterfaceOrientationPortrait UIInterfaceOrientationLandscapeLeft UIInterfaceOrientationLandscapeRight";
				LD_RUNPATH_SEARCH_PATHS = (
					"$(inherited)",
					"@executable_path/Frameworks",
				);
				MARKETING_VERSION = 1.0;
				PRODUCT_BUNDLE_IDENTIFIER = Isaque.ScaryCube;
				PRODUCT_NAME = "$(TARGET_NAME)";
				SWIFT_EMIT_LOC_STRINGS = YES;
				SWIFT_VERSION = 5.0;
				TARGETED_DEVICE_FAMILY = "1,2";
			};
			name = Debug;
		};
		7E22706B2AE88FE700F9A375 /* Release */ = {
			isa = XCBuildConfiguration;
			buildSettings = {
				ASSETCATALOG_COMPILER_APPICON_NAME = AppIcon;
				ASSETCATALOG_COMPILER_GLOBAL_ACCENT_COLOR_NAME = AccentColor;
				CODE_SIGN_STYLE = Automatic;
				CURRENT_PROJECT_VERSION = 1;
				DEVELOPMENT_ASSET_PATHS = "\"ScaryCube/Preview Content\"";
				DEVELOPMENT_TEAM = 9798UJJCY4;
				ENABLE_PREVIEWS = YES;
				GENERATE_INFOPLIST_FILE = YES;
				INFOPLIST_KEY_UIApplicationSceneManifest_Generation = YES;
				INFOPLIST_KEY_UIApplicationSupportsIndirectInputEvents = YES;
				INFOPLIST_KEY_UILaunchScreen_Generation = YES;
				INFOPLIST_KEY_UISupportedInterfaceOrientations_iPad = "UIInterfaceOrientationPortrait UIInterfaceOrientationPortraitUpsideDown UIInterfaceOrientationLandscapeLeft UIInterfaceOrientationLandscapeRight";
				INFOPLIST_KEY_UISupportedInterfaceOrientations_iPhone = "UIInterfaceOrientationPortrait UIInterfaceOrientationLandscapeLeft UIInterfaceOrientationLandscapeRight";
				LD_RUNPATH_SEARCH_PATHS = (
					"$(inherited)",
					"@executable_path/Frameworks",
				);
				MARKETING_VERSION = 1.0;
				PRODUCT_BUNDLE_IDENTIFIER = Isaque.ScaryCube;
				PRODUCT_NAME = "$(TARGET_NAME)";
				SWIFT_EMIT_LOC_STRINGS = YES;
				SWIFT_VERSION = 5.0;
				TARGETED_DEVICE_FAMILY = "1,2";
			};
			name = Release;
		};
/* End XCBuildConfiguration section */

/* Begin XCConfigurationList section */
		7E2270562AE88FE500F9A375 /* Build configuration list for PBXProject "ScaryCube" */ = {
			isa = XCConfigurationList;
			buildConfigurations = (
				7E2270672AE88FE700F9A375 /* Debug */,
				7E2270682AE88FE700F9A375 /* Release */,
			);
			defaultConfigurationIsVisible = 0;
			defaultConfigurationName = Release;
		};
		7E2270692AE88FE700F9A375 /* Build configuration list for PBXNativeTarget "ScaryCube" */ = {
			isa = XCConfigurationList;
			buildConfigurations = (
				7E22706A2AE88FE700F9A375 /* Debug */,
				7E22706B2AE88FE700F9A375 /* Release */,
			);
			defaultConfigurationIsVisible = 0;
			defaultConfigurationName = Release;
		};
/* End XCConfigurationList section */

/* Begin XCVersionGroup section */
		7EBD2F222AE8A75E00C3193D /* PlayerModel.xcdatamodeld */ = {
			isa = XCVersionGroup;
			children = (
				7EBD2F232AE8A75E00C3193D /* PlayerModel.xcdatamodel */,
			);
			currentVersion = 7EBD2F232AE8A75E00C3193D /* PlayerModel.xcdatamodel */;
			path = PlayerModel.xcdatamodeld;
			sourceTree = "<group>";
			versionGroupType = wrapper.xcdatamodel;
		};
/* End XCVersionGroup section */
	};
	rootObject = 7E2270532AE88FE500F9A375 /* Project object */;
}
